// !$*UTF8*$!
{
	archiveVersion = 1;
	classes = {
	};
	objectVersion = 46;
	objects = {

/* Begin PBXBuildFile section */
		4E3F80D21992CAB800F0B454 /* AdSupport.framework in Frameworks */ = {isa = PBXBuildFile; fileRef = 4E3F80D11992CAB800F0B454 /* AdSupport.framework */; };
		4E3F80D51992CAC700F0B454 /* Accounts.framework in Frameworks */ = {isa = PBXBuildFile; fileRef = 4E3F80D31992CAC700F0B454 /* Accounts.framework */; };
		4E3F80D61992CAC700F0B454 /* AudioToolbox.framework in Frameworks */ = {isa = PBXBuildFile; fileRef = 4E3F80D41992CAC700F0B454 /* AudioToolbox.framework */; };
		4E3F80DA1992CADB00F0B454 /* CFNetwork.framework in Frameworks */ = {isa = PBXBuildFile; fileRef = 4E3F80D71992CADB00F0B454 /* CFNetwork.framework */; };
		4E3F80DB1992CADB00F0B454 /* CoreGraphics.framework in Frameworks */ = {isa = PBXBuildFile; fileRef = 4E3F80D81992CADB00F0B454 /* CoreGraphics.framework */; };
		4E3F80DC1992CADB00F0B454 /* CoreLocation.framework in Frameworks */ = {isa = PBXBuildFile; fileRef = 4E3F80D91992CADB00F0B454 /* CoreLocation.framework */; };
		4E3F80DE1992CAE900F0B454 /* Foundation.framework in Frameworks */ = {isa = PBXBuildFile; fileRef = 4E3F80DD1992CAE900F0B454 /* Foundation.framework */; };
		4E3F80E01992CAF600F0B454 /* MobileCoreServices.framework in Frameworks */ = {isa = PBXBuildFile; fileRef = 4E3F80DF1992CAF600F0B454 /* MobileCoreServices.framework */; };
		4E3F80E21992CB0200F0B454 /* Social.framework in Frameworks */ = {isa = PBXBuildFile; fileRef = 4E3F80E11992CB0200F0B454 /* Social.framework */; };
		4E3F80E41992CC0F00F0B454 /* Parse.framework in Frameworks */ = {isa = PBXBuildFile; fileRef = 4E3F80E31992CC0F00F0B454 /* Parse.framework */; };
		4E3F80EA1992CC8000F0B454 /* QuartzCore.framework in Frameworks */ = {isa = PBXBuildFile; fileRef = 4E3F80E61992CC8000F0B454 /* QuartzCore.framework */; };
		4E3F80EB1992CC8000F0B454 /* Security.framework in Frameworks */ = {isa = PBXBuildFile; fileRef = 4E3F80E71992CC8000F0B454 /* Security.framework */; };
		4E3F80EC1992CC8000F0B454 /* StoreKit.framework in Frameworks */ = {isa = PBXBuildFile; fileRef = 4E3F80E81992CC8000F0B454 /* StoreKit.framework */; };
		4E3F80ED1992CC8000F0B454 /* SystemConfiguration.framework in Frameworks */ = {isa = PBXBuildFile; fileRef = 4E3F80E91992CC8000F0B454 /* SystemConfiguration.framework */; };
		4E3F80EF1992D50F00F0B454 /* ComposeViewController.swift in Sources */ = {isa = PBXBuildFile; fileRef = 4E3F80EE1992D50F00F0B454 /* ComposeViewController.swift */; };
		4E3F80F219943A7F00F0B454 /* CommentViewController.swift in Sources */ = {isa = PBXBuildFile; fileRef = 4E3F80F119943A7F00F0B454 /* CommentViewController.swift */; };
		4E3F80F4199445C500F0B454 /* CommentTableViewCell.swift in Sources */ = {isa = PBXBuildFile; fileRef = 4E3F80F3199445C500F0B454 /* CommentTableViewCell.swift */; };
		4E9B94B519914C42006C4B2D /* AppDelegate.swift in Sources */ = {isa = PBXBuildFile; fileRef = 4E9B94B419914C42006C4B2D /* AppDelegate.swift */; };
		4E9B94B719914C42006C4B2D /* SearchResultsViewController.swift in Sources */ = {isa = PBXBuildFile; fileRef = 4E9B94B619914C42006C4B2D /* SearchResultsViewController.swift */; };
		4E9B94BA19914C42006C4B2D /* Main.storyboard in Resources */ = {isa = PBXBuildFile; fileRef = 4E9B94B819914C42006C4B2D /* Main.storyboard */; };
		4E9B94BC19914C42006C4B2D /* Images.xcassets in Resources */ = {isa = PBXBuildFile; fileRef = 4E9B94BB19914C42006C4B2D /* Images.xcassets */; };
		4E9B94C819914C42006C4B2D /* Hackathon2Tests.swift in Sources */ = {isa = PBXBuildFile; fileRef = 4E9B94C719914C42006C4B2D /* Hackathon2Tests.swift */; };
		4E9B94D2199150B9006C4B2D /* APIController.swift in Sources */ = {isa = PBXBuildFile; fileRef = 4E9B94D1199150B9006C4B2D /* APIController.swift */; };
		4E9B94D419915117006C4B2D /* DetailsViewController.swift in Sources */ = {isa = PBXBuildFile; fileRef = 4E9B94D319915117006C4B2D /* DetailsViewController.swift */; };
		4E9B94D619915175006C4B2D /* IsoformView.swift in Sources */ = {isa = PBXBuildFile; fileRef = 4E9B94D519915175006C4B2D /* IsoformView.swift */; };
/* End PBXBuildFile section */

/* Begin PBXContainerItemProxy section */
		4E9B94C219914C42006C4B2D /* PBXContainerItemProxy */ = {
			isa = PBXContainerItemProxy;
			containerPortal = 4E9B94A719914C42006C4B2D /* Project object */;
			proxyType = 1;
			remoteGlobalIDString = 4E9B94AE19914C42006C4B2D;
			remoteInfo = Hackathon2;
		};
/* End PBXContainerItemProxy section */

/* Begin PBXFileReference section */
		4E3F80D11992CAB800F0B454 /* AdSupport.framework */ = {isa = PBXFileReference; lastKnownFileType = wrapper.framework; name = AdSupport.framework; path = System/Library/Frameworks/AdSupport.framework; sourceTree = SDKROOT; };
		4E3F80D31992CAC700F0B454 /* Accounts.framework */ = {isa = PBXFileReference; lastKnownFileType = wrapper.framework; name = Accounts.framework; path = System/Library/Frameworks/Accounts.framework; sourceTree = SDKROOT; };
		4E3F80D41992CAC700F0B454 /* AudioToolbox.framework */ = {isa = PBXFileReference; lastKnownFileType = wrapper.framework; name = AudioToolbox.framework; path = System/Library/Frameworks/AudioToolbox.framework; sourceTree = SDKROOT; };
		4E3F80D71992CADB00F0B454 /* CFNetwork.framework */ = {isa = PBXFileReference; lastKnownFileType = wrapper.framework; name = CFNetwork.framework; path = System/Library/Frameworks/CFNetwork.framework; sourceTree = SDKROOT; };
		4E3F80D81992CADB00F0B454 /* CoreGraphics.framework */ = {isa = PBXFileReference; lastKnownFileType = wrapper.framework; name = CoreGraphics.framework; path = System/Library/Frameworks/CoreGraphics.framework; sourceTree = SDKROOT; };
		4E3F80D91992CADB00F0B454 /* CoreLocation.framework */ = {isa = PBXFileReference; lastKnownFileType = wrapper.framework; name = CoreLocation.framework; path = System/Library/Frameworks/CoreLocation.framework; sourceTree = SDKROOT; };
		4E3F80DD1992CAE900F0B454 /* Foundation.framework */ = {isa = PBXFileReference; lastKnownFileType = wrapper.framework; name = Foundation.framework; path = System/Library/Frameworks/Foundation.framework; sourceTree = SDKROOT; };
		4E3F80DF1992CAF600F0B454 /* MobileCoreServices.framework */ = {isa = PBXFileReference; lastKnownFileType = wrapper.framework; name = MobileCoreServices.framework; path = System/Library/Frameworks/MobileCoreServices.framework; sourceTree = SDKROOT; };
		4E3F80E11992CB0200F0B454 /* Social.framework */ = {isa = PBXFileReference; lastKnownFileType = wrapper.framework; name = Social.framework; path = System/Library/Frameworks/Social.framework; sourceTree = SDKROOT; };
		4E3F80E31992CC0F00F0B454 /* Parse.framework */ = {isa = PBXFileReference; lastKnownFileType = wrapper.framework; path = Parse.framework; sourceTree = "<group>"; };
		4E3F80E61992CC8000F0B454 /* QuartzCore.framework */ = {isa = PBXFileReference; lastKnownFileType = wrapper.framework; name = QuartzCore.framework; path = System/Library/Frameworks/QuartzCore.framework; sourceTree = SDKROOT; };
		4E3F80E71992CC8000F0B454 /* Security.framework */ = {isa = PBXFileReference; lastKnownFileType = wrapper.framework; name = Security.framework; path = System/Library/Frameworks/Security.framework; sourceTree = SDKROOT; };
		4E3F80E81992CC8000F0B454 /* StoreKit.framework */ = {isa = PBXFileReference; lastKnownFileType = wrapper.framework; name = StoreKit.framework; path = System/Library/Frameworks/StoreKit.framework; sourceTree = SDKROOT; };
		4E3F80E91992CC8000F0B454 /* SystemConfiguration.framework */ = {isa = PBXFileReference; lastKnownFileType = wrapper.framework; name = SystemConfiguration.framework; path = System/Library/Frameworks/SystemConfiguration.framework; sourceTree = SDKROOT; };
		4E3F80EE1992D50F00F0B454 /* ComposeViewController.swift */ = {isa = PBXFileReference; fileEncoding = 4; lastKnownFileType = sourcecode.swift; path = ComposeViewController.swift; sourceTree = "<group>"; };
		4E3F80F119943A7F00F0B454 /* CommentViewController.swift */ = {isa = PBXFileReference; fileEncoding = 4; lastKnownFileType = sourcecode.swift; path = CommentViewController.swift; sourceTree = "<group>"; };
		4E3F80F3199445C500F0B454 /* CommentTableViewCell.swift */ = {isa = PBXFileReference; fileEncoding = 4; lastKnownFileType = sourcecode.swift; path = CommentTableViewCell.swift; sourceTree = "<group>"; };
		4E9B94AF19914C42006C4B2D /* Hackathon2.app */ = {isa = PBXFileReference; explicitFileType = wrapper.application; includeInIndex = 0; path = Hackathon2.app; sourceTree = BUILT_PRODUCTS_DIR; };
		4E9B94B319914C42006C4B2D /* Info.plist */ = {isa = PBXFileReference; lastKnownFileType = text.plist.xml; path = Info.plist; sourceTree = "<group>"; };
		4E9B94B419914C42006C4B2D /* AppDelegate.swift */ = {isa = PBXFileReference; lastKnownFileType = sourcecode.swift; path = AppDelegate.swift; sourceTree = "<group>"; };
		4E9B94B619914C42006C4B2D /* SearchResultsViewController.swift */ = {isa = PBXFileReference; lastKnownFileType = sourcecode.swift; path = SearchResultsViewController.swift; sourceTree = "<group>"; };
		4E9B94B919914C42006C4B2D /* Base */ = {isa = PBXFileReference; lastKnownFileType = file.storyboard; name = Base; path = Base.lproj/Main.storyboard; sourceTree = "<group>"; };
		4E9B94BB19914C42006C4B2D /* Images.xcassets */ = {isa = PBXFileReference; lastKnownFileType = folder.assetcatalog; path = Images.xcassets; sourceTree = "<group>"; };
		4E9B94C119914C42006C4B2D /* Hackathon2Tests.xctest */ = {isa = PBXFileReference; explicitFileType = wrapper.cfbundle; includeInIndex = 0; path = Hackathon2Tests.xctest; sourceTree = BUILT_PRODUCTS_DIR; };
		4E9B94C619914C42006C4B2D /* Info.plist */ = {isa = PBXFileReference; lastKnownFileType = text.plist.xml; path = Info.plist; sourceTree = "<group>"; };
		4E9B94C719914C42006C4B2D /* Hackathon2Tests.swift */ = {isa = PBXFileReference; lastKnownFileType = sourcecode.swift; path = Hackathon2Tests.swift; sourceTree = "<group>"; };
		4E9B94D1199150B9006C4B2D /* APIController.swift */ = {isa = PBXFileReference; fileEncoding = 4; lastKnownFileType = sourcecode.swift; path = APIController.swift; sourceTree = "<group>"; };
		4E9B94D319915117006C4B2D /* DetailsViewController.swift */ = {isa = PBXFileReference; fileEncoding = 4; lastKnownFileType = sourcecode.swift; path = DetailsViewController.swift; sourceTree = "<group>"; };
		4E9B94D519915175006C4B2D /* IsoformView.swift */ = {isa = PBXFileReference; fileEncoding = 4; lastKnownFileType = sourcecode.swift; path = IsoformView.swift; sourceTree = "<group>"; };
		4EF868301992C86A004C8CF4 /* Hackathon2-Bridging-Header.h */ = {isa = PBXFileReference; lastKnownFileType = sourcecode.c.h; path = "Hackathon2-Bridging-Header.h"; sourceTree = "<group>"; };
/* End PBXFileReference section */

/* Begin PBXFrameworksBuildPhase section */
		4E9B94AC19914C42006C4B2D /* Frameworks */ = {
			isa = PBXFrameworksBuildPhase;
			buildActionMask = 2147483647;
			files = (
				4E3F80EA1992CC8000F0B454 /* QuartzCore.framework in Frameworks */,
				4E3F80EB1992CC8000F0B454 /* Security.framework in Frameworks */,
				4E3F80EC1992CC8000F0B454 /* StoreKit.framework in Frameworks */,
				4E3F80ED1992CC8000F0B454 /* SystemConfiguration.framework in Frameworks */,
				4E3F80E21992CB0200F0B454 /* Social.framework in Frameworks */,
				4E3F80E01992CAF600F0B454 /* MobileCoreServices.framework in Frameworks */,
				4E3F80DE1992CAE900F0B454 /* Foundation.framework in Frameworks */,
				4E3F80DA1992CADB00F0B454 /* CFNetwork.framework in Frameworks */,
				4E3F80E41992CC0F00F0B454 /* Parse.framework in Frameworks */,
				4E3F80DB1992CADB00F0B454 /* CoreGraphics.framework in Frameworks */,
				4E3F80DC1992CADB00F0B454 /* CoreLocation.framework in Frameworks */,
				4E3F80D51992CAC700F0B454 /* Accounts.framework in Frameworks */,
				4E3F80D61992CAC700F0B454 /* AudioToolbox.framework in Frameworks */,
				4E3F80D21992CAB800F0B454 /* AdSupport.framework in Frameworks */,
			);
			runOnlyForDeploymentPostprocessing = 0;
		};
		4E9B94BE19914C42006C4B2D /* Frameworks */ = {
			isa = PBXFrameworksBuildPhase;
			buildActionMask = 2147483647;
			files = (
			);
			runOnlyForDeploymentPostprocessing = 0;
		};
/* End PBXFrameworksBuildPhase section */

/* Begin PBXGroup section */
		4E3F80E51992CC1900F0B454 /* Frameworks */ = {
			isa = PBXGroup;
			children = (
				4E3F80E61992CC8000F0B454 /* QuartzCore.framework */,
				4E3F80E71992CC8000F0B454 /* Security.framework */,
				4E3F80E81992CC8000F0B454 /* StoreKit.framework */,
				4E3F80E91992CC8000F0B454 /* SystemConfiguration.framework */,
				4E3F80E31992CC0F00F0B454 /* Parse.framework */,
				4E3F80E11992CB0200F0B454 /* Social.framework */,
				4E3F80DF1992CAF600F0B454 /* MobileCoreServices.framework */,
				4E3F80DD1992CAE900F0B454 /* Foundation.framework */,
				4E3F80D71992CADB00F0B454 /* CFNetwork.framework */,
				4E3F80D81992CADB00F0B454 /* CoreGraphics.framework */,
				4E3F80D91992CADB00F0B454 /* CoreLocation.framework */,
				4E3F80D31992CAC700F0B454 /* Accounts.framework */,
				4E3F80D41992CAC700F0B454 /* AudioToolbox.framework */,
				4E3F80D11992CAB800F0B454 /* AdSupport.framework */,
			);
			name = Frameworks;
			sourceTree = "<group>";
		};
		4E9B94A619914C42006C4B2D = {
			isa = PBXGroup;
			children = (
				4E3F80E51992CC1900F0B454 /* Frameworks */,
				4E9B94B119914C42006C4B2D /* Hackathon2 */,
				4E9B94C419914C42006C4B2D /* Hackathon2Tests */,
				4E9B94B019914C42006C4B2D /* Products */,
			);
			sourceTree = "<group>";
		};
		4E9B94B019914C42006C4B2D /* Products */ = {
			isa = PBXGroup;
			children = (
				4E9B94AF19914C42006C4B2D /* Hackathon2.app */,
				4E9B94C119914C42006C4B2D /* Hackathon2Tests.xctest */,
			);
			name = Products;
			sourceTree = "<group>";
		};
		4E9B94B119914C42006C4B2D /* Hackathon2 */ = {
			isa = PBXGroup;
			children = (
				4E9B94B419914C42006C4B2D /* AppDelegate.swift */,
				4EF868301992C86A004C8CF4 /* Hackathon2-Bridging-Header.h */,
				4E9B94B619914C42006C4B2D /* SearchResultsViewController.swift */,
				4E9B94B819914C42006C4B2D /* Main.storyboard */,
				4E3F80F119943A7F00F0B454 /* CommentViewController.swift */,
				4E3F80F3199445C500F0B454 /* CommentTableViewCell.swift */,
				4E9B94BB19914C42006C4B2D /* Images.xcassets */,
				4E9B94B219914C42006C4B2D /* Supporting Files */,
				4E9B94D1199150B9006C4B2D /* APIController.swift */,
				4E9B94D319915117006C4B2D /* DetailsViewController.swift */,
				4E9B94D519915175006C4B2D /* IsoformView.swift */,
				4E3F80EE1992D50F00F0B454 /* ComposeViewController.swift */,
			);
			path = Hackathon2;
			sourceTree = "<group>";
		};
		4E9B94B219914C42006C4B2D /* Supporting Files */ = {
			isa = PBXGroup;
			children = (
				4E9B94B319914C42006C4B2D /* Info.plist */,
			);
			name = "Supporting Files";
			sourceTree = "<group>";
		};
		4E9B94C419914C42006C4B2D /* Hackathon2Tests */ = {
			isa = PBXGroup;
			children = (
				4E9B94C719914C42006C4B2D /* Hackathon2Tests.swift */,
				4E9B94C519914C42006C4B2D /* Supporting Files */,
			);
			path = Hackathon2Tests;
			sourceTree = "<group>";
		};
		4E9B94C519914C42006C4B2D /* Supporting Files */ = {
			isa = PBXGroup;
			children = (
				4E9B94C619914C42006C4B2D /* Info.plist */,
			);
			name = "Supporting Files";
			sourceTree = "<group>";
		};
/* End PBXGroup section */

/* Begin PBXNativeTarget section */
		4E9B94AE19914C42006C4B2D /* Hackathon2 */ = {
			isa = PBXNativeTarget;
			buildConfigurationList = 4E9B94CB19914C42006C4B2D /* Build configuration list for PBXNativeTarget "Hackathon2" */;
			buildPhases = (
				4E9B94AB19914C42006C4B2D /* Sources */,
				4E9B94AC19914C42006C4B2D /* Frameworks */,
				4E9B94AD19914C42006C4B2D /* Resources */,
			);
			buildRules = (
			);
			dependencies = (
			);
			name = Hackathon2;
			productName = Hackathon2;
			productReference = 4E9B94AF19914C42006C4B2D /* Hackathon2.app */;
			productType = "com.apple.product-type.application";
		};
		4E9B94C019914C42006C4B2D /* Hackathon2Tests */ = {
			isa = PBXNativeTarget;
			buildConfigurationList = 4E9B94CE19914C42006C4B2D /* Build configuration list for PBXNativeTarget "Hackathon2Tests" */;
			buildPhases = (
				4E9B94BD19914C42006C4B2D /* Sources */,
				4E9B94BE19914C42006C4B2D /* Frameworks */,
				4E9B94BF19914C42006C4B2D /* Resources */,
			);
			buildRules = (
			);
			dependencies = (
				4E9B94C319914C42006C4B2D /* PBXTargetDependency */,
			);
			name = Hackathon2Tests;
			productName = Hackathon2Tests;
			productReference = 4E9B94C119914C42006C4B2D /* Hackathon2Tests.xctest */;
			productType = "com.apple.product-type.bundle.unit-test";
		};
/* End PBXNativeTarget section */

/* Begin PBXProject section */
		4E9B94A719914C42006C4B2D /* Project object */ = {
			isa = PBXProject;
			attributes = {
				LastUpgradeCheck = 0600;
				ORGANIZATIONNAME = "Paul Schmidt";
				TargetAttributes = {
					4E9B94AE19914C42006C4B2D = {
						CreatedOnToolsVersion = 6.0;
					};
					4E9B94C019914C42006C4B2D = {
						CreatedOnToolsVersion = 6.0;
						TestTargetID = 4E9B94AE19914C42006C4B2D;
					};
				};
			};
			buildConfigurationList = 4E9B94AA19914C42006C4B2D /* Build configuration list for PBXProject "Hackathon2" */;
			compatibilityVersion = "Xcode 3.2";
			developmentRegion = English;
			hasScannedForEncodings = 0;
			knownRegions = (
				en,
				Base,
			);
			mainGroup = 4E9B94A619914C42006C4B2D;
			productRefGroup = 4E9B94B019914C42006C4B2D /* Products */;
			projectDirPath = "";
			projectRoot = "";
			targets = (
				4E9B94AE19914C42006C4B2D /* Hackathon2 */,
				4E9B94C019914C42006C4B2D /* Hackathon2Tests */,
			);
		};
/* End PBXProject section */

/* Begin PBXResourcesBuildPhase section */
		4E9B94AD19914C42006C4B2D /* Resources */ = {
			isa = PBXResourcesBuildPhase;
			buildActionMask = 2147483647;
			files = (
				4E9B94BA19914C42006C4B2D /* Main.storyboard in Resources */,
				4E9B94BC19914C42006C4B2D /* Images.xcassets in Resources */,
			);
			runOnlyForDeploymentPostprocessing = 0;
		};
		4E9B94BF19914C42006C4B2D /* Resources */ = {
			isa = PBXResourcesBuildPhase;
			buildActionMask = 2147483647;
			files = (
			);
			runOnlyForDeploymentPostprocessing = 0;
		};
/* End PBXResourcesBuildPhase section */

/* Begin PBXSourcesBuildPhase section */
		4E9B94AB19914C42006C4B2D /* Sources */ = {
			isa = PBXSourcesBuildPhase;
			buildActionMask = 2147483647;
			files = (
				4E3F80F219943A7F00F0B454 /* CommentViewController.swift in Sources */,
				4E9B94B719914C42006C4B2D /* SearchResultsViewController.swift in Sources */,
				4E9B94D619915175006C4B2D /* IsoformView.swift in Sources */,
				4E3F80F4199445C500F0B454 /* CommentTableViewCell.swift in Sources */,
				4E9B94B519914C42006C4B2D /* AppDelegate.swift in Sources */,
				4E3F80EF1992D50F00F0B454 /* ComposeViewController.swift in Sources */,
				4E9B94D2199150B9006C4B2D /* APIController.swift in Sources */,
				4E9B94D419915117006C4B2D /* DetailsViewController.swift in Sources */,
			);
			runOnlyForDeploymentPostprocessing = 0;
		};
		4E9B94BD19914C42006C4B2D /* Sources */ = {
			isa = PBXSourcesBuildPhase;
			buildActionMask = 2147483647;
			files = (
				4E9B94C819914C42006C4B2D /* Hackathon2Tests.swift in Sources */,
			);
			runOnlyForDeploymentPostprocessing = 0;
		};
/* End PBXSourcesBuildPhase section */

/* Begin PBXTargetDependency section */
		4E9B94C319914C42006C4B2D /* PBXTargetDependency */ = {
			isa = PBXTargetDependency;
			target = 4E9B94AE19914C42006C4B2D /* Hackathon2 */;
			targetProxy = 4E9B94C219914C42006C4B2D /* PBXContainerItemProxy */;
		};
/* End PBXTargetDependency section */

/* Begin PBXVariantGroup section */
		4E9B94B819914C42006C4B2D /* Main.storyboard */ = {
			isa = PBXVariantGroup;
			children = (
				4E9B94B919914C42006C4B2D /* Base */,
			);
			name = Main.storyboard;
			sourceTree = "<group>";
		};
/* End PBXVariantGroup section */

/* Begin XCBuildConfiguration section */
		4E9B94C919914C42006C4B2D /* Debug */ = {
			isa = XCBuildConfiguration;
			buildSettings = {
				ALWAYS_SEARCH_USER_PATHS = NO;
				CLANG_CXX_LANGUAGE_STANDARD = "gnu++0x";
				CLANG_CXX_LIBRARY = "libc++";
				CLANG_ENABLE_MODULES = YES;
				CLANG_ENABLE_OBJC_ARC = YES;
				CLANG_WARN_BOOL_CONVERSION = YES;
				CLANG_WARN_CONSTANT_CONVERSION = YES;
				CLANG_WARN_DIRECT_OBJC_ISA_USAGE = YES_ERROR;
				CLANG_WARN_EMPTY_BODY = YES;
				CLANG_WARN_ENUM_CONVERSION = YES;
				CLANG_WARN_INT_CONVERSION = YES;
				CLANG_WARN_OBJC_ROOT_CLASS = YES_ERROR;
				CLANG_WARN_UNREACHABLE_CODE = YES;
				CLANG_WARN__DUPLICATE_METHOD_MATCH = YES;
				"CODE_SIGN_IDENTITY[sdk=iphoneos*]" = "iPhone Developer";
				COPY_PHASE_STRIP = NO;
				ENABLE_STRICT_OBJC_MSGSEND = YES;
				GCC_C_LANGUAGE_STANDARD = gnu99;
				GCC_DYNAMIC_NO_PIC = NO;
				GCC_OPTIMIZATION_LEVEL = 0;
				GCC_PREPROCESSOR_DEFINITIONS = (
					"DEBUG=1",
					"$(inherited)",
				);
				GCC_SYMBOLS_PRIVATE_EXTERN = NO;
				GCC_WARN_64_TO_32_BIT_CONVERSION = YES;
				GCC_WARN_ABOUT_RETURN_TYPE = YES_ERROR;
				GCC_WARN_UNDECLARED_SELECTOR = YES;
				GCC_WARN_UNINITIALIZED_AUTOS = YES_AGGRESSIVE;
				GCC_WARN_UNUSED_FUNCTION = YES;
				GCC_WARN_UNUSED_VARIABLE = YES;
				IPHONEOS_DEPLOYMENT_TARGET = 8.0;
				MTL_ENABLE_DEBUG_INFO = YES;
				ONLY_ACTIVE_ARCH = YES;
				SDKROOT = iphoneos;
				SWIFT_OPTIMIZATION_LEVEL = "-Onone";
				TARGETED_DEVICE_FAMILY = "1,2";
			};
			name = Debug;
		};
		4E9B94CA19914C42006C4B2D /* Release */ = {
			isa = XCBuildConfiguration;
			buildSettings = {
				ALWAYS_SEARCH_USER_PATHS = NO;
				CLANG_CXX_LANGUAGE_STANDARD = "gnu++0x";
				CLANG_CXX_LIBRARY = "libc++";
				CLANG_ENABLE_MODULES = YES;
				CLANG_ENABLE_OBJC_ARC = YES;
				CLANG_WARN_BOOL_CONVERSION = YES;
				CLANG_WARN_CONSTANT_CONVERSION = YES;
				CLANG_WARN_DIRECT_OBJC_ISA_USAGE = YES_ERROR;
				CLANG_WARN_EMPTY_BODY = YES;
				CLANG_WARN_ENUM_CONVERSION = YES;
				CLANG_WARN_INT_CONVERSION = YES;
				CLANG_WARN_OBJC_ROOT_CLASS = YES_ERROR;
				CLANG_WARN_UNREACHABLE_CODE = YES;
				CLANG_WARN__DUPLICATE_METHOD_MATCH = YES;
				"CODE_SIGN_IDENTITY[sdk=iphoneos*]" = "iPhone Developer";
				COPY_PHASE_STRIP = YES;
				ENABLE_NS_ASSERTIONS = NO;
				ENABLE_STRICT_OBJC_MSGSEND = YES;
				GCC_C_LANGUAGE_STANDARD = gnu99;
				GCC_WARN_64_TO_32_BIT_CONVERSION = YES;
				GCC_WARN_ABOUT_RETURN_TYPE = YES_ERROR;
				GCC_WARN_UNDECLARED_SELECTOR = YES;
				GCC_WARN_UNINITIALIZED_AUTOS = YES_AGGRESSIVE;
				GCC_WARN_UNUSED_FUNCTION = YES;
				GCC_WARN_UNUSED_VARIABLE = YES;
				IPHONEOS_DEPLOYMENT_TARGET = 8.0;
				MTL_ENABLE_DEBUG_INFO = NO;
				SDKROOT = iphoneos;
				TARGETED_DEVICE_FAMILY = "1,2";
				VALIDATE_PRODUCT = YES;
			};
			name = Release;
		};
		4E9B94CC19914C42006C4B2D /* Debug */ = {
			isa = XCBuildConfiguration;
			buildSettings = {
				ASSETCATALOG_COMPILER_APPICON_NAME = AppIcon;
				ASSETCATALOG_COMPILER_LAUNCHIMAGE_NAME = LaunchImage;
				CLANG_ENABLE_MODULES = YES;
				FRAMEWORK_SEARCH_PATHS = (
					"$(inherited)",
					"$(PROJECT_DIR)/Hackathon2",
					"$(PROJECT_DIR)",
				);
				INFOPLIST_FILE = Hackathon2/Info.plist;
				LD_RUNPATH_SEARCH_PATHS = "$(inherited) @executable_path/Frameworks";
				PRODUCT_NAME = "$(TARGET_NAME)";
				SWIFT_OBJC_BRIDGING_HEADER = "Hackathon2/Hackathon2-Bridging-Header.h";
				SWIFT_OPTIMIZATION_LEVEL = "-Onone";
			};
			name = Debug;
		};
		4E9B94CD19914C42006C4B2D /* Release */ = {
			isa = XCBuildConfiguration;
			buildSettings = {
				ASSETCATALOG_COMPILER_APPICON_NAME = AppIcon;
				ASSETCATALOG_COMPILER_LAUNCHIMAGE_NAME = LaunchImage;
				CLANG_ENABLE_MODULES = YES;
				FRAMEWORK_SEARCH_PATHS = (
					"$(inherited)",
					"$(PROJECT_DIR)/Hackathon2",
					"$(PROJECT_DIR)",
				);
				INFOPLIST_FILE = Hackathon2/Info.plist;
				LD_RUNPATH_SEARCH_PATHS = "$(inherited) @executable_path/Frameworks";
				PRODUCT_NAME = "$(TARGET_NAME)";
				SWIFT_OBJC_BRIDGING_HEADER = "Hackathon2/Hackathon2-Bridging-Header.h";
			};
			name = Release;
		};
		4E9B94CF19914C42006C4B2D /* Debug */ = {
			isa = XCBuildConfiguration;
			buildSettings = {
				BUNDLE_LOADER = "$(BUILT_PRODUCTS_DIR)/Hackathon2.app/Hackathon2";
				FRAMEWORK_SEARCH_PATHS = (
					"$(SDKROOT)/Developer/Library/Frameworks",
					"$(inherited)",
				);
				GCC_PREPROCESSOR_DEFINITIONS = (
					"DEBUG=1",
					"$(inherited)",
				);
				INFOPLIST_FILE = Hackathon2Tests/Info.plist;
				LD_RUNPATH_SEARCH_PATHS = "$(inherited) @executable_path/Frameworks @loader_path/Frameworks";
				PRODUCT_NAME = "$(TARGET_NAME)";
				TEST_HOST = "$(BUNDLE_LOADER)";
			};
			name = Debug;
		};
		4E9B94D019914C42006C4B2D /* Release */ = {
			isa = XCBuildConfiguration;
			buildSettings = {
				BUNDLE_LOADER = "$(BUILT_PRODUCTS_DIR)/Hackathon2.app/Hackathon2";
				FRAMEWORK_SEARCH_PATHS = (
					"$(SDKROOT)/Developer/Library/Frameworks",
					"$(inherited)",
				);
				INFOPLIST_FILE = Hackathon2Tests/Info.plist;
				LD_RUNPATH_SEARCH_PATHS = "$(inherited) @executable_path/Frameworks @loader_path/Frameworks";
				PRODUCT_NAME = "$(TARGET_NAME)";
				TEST_HOST = "$(BUNDLE_LOADER)";
			};
			name = Release;
		};
/* End XCBuildConfiguration section */

/* Begin XCConfigurationList section */
		4E9B94AA19914C42006C4B2D /* Build configuration list for PBXProject "Hackathon2" */ = {
			isa = XCConfigurationList;
			buildConfigurations = (
				4E9B94C919914C42006C4B2D /* Debug */,
				4E9B94CA19914C42006C4B2D /* Release */,
			);
			defaultConfigurationIsVisible = 0;
			defaultConfigurationName = Release;
		};
		4E9B94CB19914C42006C4B2D /* Build configuration list for PBXNativeTarget "Hackathon2" */ = {
			isa = XCConfigurationList;
			buildConfigurations = (
				4E9B94CC19914C42006C4B2D /* Debug */,
				4E9B94CD19914C42006C4B2D /* Release */,
			);
			defaultConfigurationIsVisible = 0;
			defaultConfigurationName = Release;
		};
		4E9B94CE19914C42006C4B2D /* Build configuration list for PBXNativeTarget "Hackathon2Tests" */ = {
			isa = XCConfigurationList;
			buildConfigurations = (
				4E9B94CF19914C42006C4B2D /* Debug */,
				4E9B94D019914C42006C4B2D /* Release */,
			);
			defaultConfigurationIsVisible = 0;
			defaultConfigurationName = Release;
		};
/* End XCConfigurationList section */
	};
	rootObject = 4E9B94A719914C42006C4B2D /* Project object */;
}
